
Microsoft Visual Studio Solution File, Format Version 12.00
# Visual Studio Version 17
VisualStudioVersion = 17.9.34616.47
MinimumVisualStudioVersion = 10.0.40219.1
Project("{FAE04EC0-301F-11D3-BF4B-00C04F79EFBC}") = "LearnMLApp", "LearnMLApp\LearnMLApp.csproj", "{B89F31A6-DA53-463D-909E-D98FAB3DC0C7}"
EndProject
Global
	GlobalSection(SolutionConfigurationPlatforms) = preSolution
		Debug|Any CPU = Debug|Any CPU
		Release|Any CPU = Release|Any CPU
	EndGlobalSection
	GlobalSection(ProjectConfigurationPlatforms) = postSolution
		{B89F31A6-DA53-463D-909E-D98FAB3DC0C7}.Debug|Any CPU.ActiveCfg = Debug|Any CPU
		{B89F31A6-DA53-463D-909E-D98FAB3DC0C7}.Debug|Any CPU.Build.0 = Debug|Any CPU
		{B89F31A6-DA53-463D-909E-D98FAB3DC0C7}.Release|Any CPU.ActiveCfg = Release|Any CPU
		{B89F31A6-DA53-463D-909E-D98FAB3DC0C7}.Release|Any CPU.Build.0 = Release|Any CPU
	EndGlobalSection
	GlobalSection(SolutionProperties) = preSolution
		HideSolutionNode = FALSE
	EndGlobalSection
	GlobalSection(ExtensibilityGlobals) = postSolution
		SolutionGuid = {D0B6E12C-E5A5-4585-A491-8DE97CDD8E69}
	EndGlobalSection
EndGlobal
